
Microsoft Visual Studio Solution File, Format Version 12.00
# Visual Studio Version 16
VisualStudioVersion = 16.0.31729.503
MinimumVisualStudioVersion = 10.0.40219.1
Project("{FAE04EC0-301F-11D3-BF4B-00C04F79EFBC}") = "Funciones", "Funciones\Funciones.csproj", "{E8FD2A3C-39CF-4E7A-A6BA-F2192D7AAA22}"
EndProject
Global
	GlobalSection(SolutionConfigurationPlatforms) = preSolution
		Debug|Any CPU = Debug|Any CPU
		Release|Any CPU = Release|Any CPU
	EndGlobalSection
	GlobalSection(ProjectConfigurationPlatforms) = postSolution
		{E8FD2A3C-39CF-4E7A-A6BA-F2192D7AAA22}.Debug|Any CPU.ActiveCfg = Debug|Any CPU
		{E8FD2A3C-39CF-4E7A-A6BA-F2192D7AAA22}.Debug|Any CPU.Build.0 = Debug|Any CPU
		{E8FD2A3C-39CF-4E7A-A6BA-F2192D7AAA22}.Release|Any CPU.ActiveCfg = Release|Any CPU
		{E8FD2A3C-39CF-4E7A-A6BA-F2192D7AAA22}.Release|Any CPU.Build.0 = Release|Any CPU
	EndGlobalSection
	GlobalSection(SolutionProperties) = preSolution
		HideSolutionNode = FALSE
	EndGlobalSection
	GlobalSection(ExtensibilityGlobals) = postSolution
		SolutionGuid = {843773DF-8752-4D97-87C7-7340F04874C1}
	EndGlobalSection
EndGlobal
