
Microsoft Visual Studio Solution File, Format Version 12.00
# Visual Studio Version 16
VisualStudioVersion = 16.0.31729.503
MinimumVisualStudioVersion = 10.0.40219.1
Project("{FAE04EC0-301F-11D3-BF4B-00C04F79EFBC}") = "VisualApp", "VisualApp\VisualApp.csproj", "{DE11B9F7-21AB-40C1-B4E6-643EF3EC4AD4}"
EndProject
Global
	GlobalSection(SolutionConfigurationPlatforms) = preSolution
		Debug|Any CPU = Debug|Any CPU
		Release|Any CPU = Release|Any CPU
	EndGlobalSection
	GlobalSection(ProjectConfigurationPlatforms) = postSolution
		{DE11B9F7-21AB-40C1-B4E6-643EF3EC4AD4}.Debug|Any CPU.ActiveCfg = Debug|Any CPU
		{DE11B9F7-21AB-40C1-B4E6-643EF3EC4AD4}.Debug|Any CPU.Build.0 = Debug|Any CPU
		{DE11B9F7-21AB-40C1-B4E6-643EF3EC4AD4}.Release|Any CPU.ActiveCfg = Release|Any CPU
		{DE11B9F7-21AB-40C1-B4E6-643EF3EC4AD4}.Release|Any CPU.Build.0 = Release|Any CPU
	EndGlobalSection
	GlobalSection(SolutionProperties) = preSolution
		HideSolutionNode = FALSE
	EndGlobalSection
	GlobalSection(ExtensibilityGlobals) = postSolution
		SolutionGuid = {A5324A18-08FC-4A8D-AAEA-D5B24D0F846E}
	EndGlobalSection
EndGlobal
