
Microsoft Visual Studio Solution File, Format Version 12.00
# Visual Studio Version 16
VisualStudioVersion = 16.0.31729.503
MinimumVisualStudioVersion = 10.0.40219.1
Project("{FAE04EC0-301F-11D3-BF4B-00C04F79EFBC}") = "BezeroErosketa", "BezeroErosketa\BezeroErosketa.csproj", "{39DF345B-C2AD-4491-A841-41FFA10E5954}"
EndProject
Global
	GlobalSection(SolutionConfigurationPlatforms) = preSolution
		Debug|Any CPU = Debug|Any CPU
		Release|Any CPU = Release|Any CPU
	EndGlobalSection
	GlobalSection(ProjectConfigurationPlatforms) = postSolution
		{39DF345B-C2AD-4491-A841-41FFA10E5954}.Debug|Any CPU.ActiveCfg = Debug|Any CPU
		{39DF345B-C2AD-4491-A841-41FFA10E5954}.Debug|Any CPU.Build.0 = Debug|Any CPU
		{39DF345B-C2AD-4491-A841-41FFA10E5954}.Release|Any CPU.ActiveCfg = Release|Any CPU
		{39DF345B-C2AD-4491-A841-41FFA10E5954}.Release|Any CPU.Build.0 = Release|Any CPU
	EndGlobalSection
	GlobalSection(SolutionProperties) = preSolution
		HideSolutionNode = FALSE
	EndGlobalSection
	GlobalSection(ExtensibilityGlobals) = postSolution
		SolutionGuid = {A6420E86-BC1B-4429-9F91-DA7A4A1758F3}
	EndGlobalSection
EndGlobal
